
Microsoft Visual Studio Solution File, Format Version 12.00
# Visual Studio Version 17
VisualStudioVersion = 17.2.32616.157
MinimumVisualStudioVersion = 10.0.40219.1
Project("{888888A0-9F3D-457C-B088-3A5042F75D52}") = "botquest", "botquest\botquest.pyproj", "{D62E8D22-C5F3-4A96-953C-BEC8AD286A9A}"
EndProject
Global
	GlobalSection(SolutionConfigurationPlatforms) = preSolution
		Debug|Any CPU = Debug|Any CPU
		Release|Any CPU = Release|Any CPU
	EndGlobalSection
	GlobalSection(ProjectConfigurationPlatforms) = postSolution
		{D62E8D22-C5F3-4A96-953C-BEC8AD286A9A}.Debug|Any CPU.ActiveCfg = Debug|Any CPU
		{D62E8D22-C5F3-4A96-953C-BEC8AD286A9A}.Release|Any CPU.ActiveCfg = Release|Any CPU
	EndGlobalSection
	GlobalSection(SolutionProperties) = preSolution
		HideSolutionNode = FALSE
	EndGlobalSection
	GlobalSection(ExtensibilityGlobals) = postSolution
		SolutionGuid = {EE3E2D54-169E-492A-99C3-6558384DD8C1}
	EndGlobalSection
EndGlobal
